
Microsoft Visual Studio Solution File, Format Version 12.00
# Visual Studio Version 17
VisualStudioVersion = 17.5.002.0
MinimumVisualStudioVersion = 10.0.40219.1
Project("{9A19103F-16F7-4668-BE54-9A1E7A4F7556}") = "seventhDemo", "seventhDemo.csproj", "{70E94BFA-51E6-439D-98B8-AD353A6352C1}"
EndProject
Global
	GlobalSection(SolutionConfigurationPlatforms) = preSolution
		Debug|Any CPU = Debug|Any CPU
		Release|Any CPU = Release|Any CPU
	EndGlobalSection
	GlobalSection(ProjectConfigurationPlatforms) = postSolution
		{70E94BFA-51E6-439D-98B8-AD353A6352C1}.Debug|Any CPU.ActiveCfg = Debug|Any CPU
		{70E94BFA-51E6-439D-98B8-AD353A6352C1}.Debug|Any CPU.Build.0 = Debug|Any CPU
		{70E94BFA-51E6-439D-98B8-AD353A6352C1}.Release|Any CPU.ActiveCfg = Release|Any CPU
		{70E94BFA-51E6-439D-98B8-AD353A6352C1}.Release|Any CPU.Build.0 = Release|Any CPU
	EndGlobalSection
	GlobalSection(SolutionProperties) = preSolution
		HideSolutionNode = FALSE
	EndGlobalSection
	GlobalSection(ExtensibilityGlobals) = postSolution
		SolutionGuid = {1D04E1D8-4632-4A98-9626-D8E1529C6799}
	EndGlobalSection
EndGlobal
